WEBVTT

1
00:00:17.000 --> 00:00:22.000
Hello! I'm Patrick Vellia.

2
00:00:22.000 --> 00:00:30.000
I'm the owner of "I Love You by Tricio",

3
00:00:30.000 --> 00:00:39.000
I set up a Minnesota food producer, 
Cottage Food Producer business, which 
means I make food at home to sell it.

4
00:00:39.000 --> 00:00:45.000
Different events.

5
00:00:45.000 --> 00:00:53.000
So Deaf Equity is having an event on 
October 22rd.

6
00:00:53.000 --> 00:00:57.000
It will be at Charles Thompson Hall (CTH).

7
00:00:57.000 --> 00:01:01.000
In Saint Paul.

9
00:01:01.000 --> 00:01:10.000
There'll be a booth there where I'll 
be selling 6 different types of cookies

10
00:01:10.000 --> 00:01:14.000
Some are dark chocolate chip cookies.

11
00:01:14.000 --> 00:01:20.000
Some are dark chocolate chip pumpkin 
cookies.

12
00:01:20.000 --> 00:01:31.000
Some are oatmeal pumpkin pie spiced 
cookies with chocolate chip

12
00:01:31.000 --> 00:01:41.000
There'll also be pumpkin pie, spiced 
oatmeal cookies with raisin

13
00:01:41.000 --> 00:01:49.000
There's nut butter cookies and sugar 
cookies.

14
00:01:49.000 --> 00:02:04.000
Individual cookies cost $2.50. 5 
cookies cost $10, and dozen is 12

15
00:02:12.000 --> 00:02:26.000
You can pre-order through my website.

16
00:02:26.000 --> 00:02:41.000
There'll be a QR code available on 
this video, and you can pre-order, 
and I can bring everything there to 
the booth at the Deaf Equity event 
on October 23rd.

17
00:02:41.000 --> 00:02:52.000
Thank you, and come on out and support my business.

